
Microsoft Visual Studio Solution File, Format Version 12.00
# Visual Studio Version 17
VisualStudioVersion = 17.8.34511.84
MinimumVisualStudioVersion = 10.0.40219.1
Project("{FAE04EC0-301F-11D3-BF4B-00C04F79EFBC}") = "AmazonCrud", "AmazonCrud\AmazonCrud.csproj", "{388E4F5F-5FDB-4724-AC5C-AA72C6C5E382}"
EndProject
Global
	GlobalSection(SolutionConfigurationPlatforms) = preSolution
		Debug|Any CPU = Debug|Any CPU
		Release|Any CPU = Release|Any CPU
	EndGlobalSection
	GlobalSection(ProjectConfigurationPlatforms) = postSolution
		{388E4F5F-5FDB-4724-AC5C-AA72C6C5E382}.Debug|Any CPU.ActiveCfg = Debug|Any CPU
		{388E4F5F-5FDB-4724-AC5C-AA72C6C5E382}.Debug|Any CPU.Build.0 = Debug|Any CPU
		{388E4F5F-5FDB-4724-AC5C-AA72C6C5E382}.Release|Any CPU.ActiveCfg = Release|Any CPU
		{388E4F5F-5FDB-4724-AC5C-AA72C6C5E382}.Release|Any CPU.Build.0 = Release|Any CPU
	EndGlobalSection
	GlobalSection(SolutionProperties) = preSolution
		HideSolutionNode = FALSE
	EndGlobalSection
	GlobalSection(ExtensibilityGlobals) = postSolution
		SolutionGuid = {F0EA6D0C-25DB-42C8-B8E3-3A7D6B860E33}
	EndGlobalSection
EndGlobal
